
Microsoft Visual Studio Solution File, Format Version 12.00
# Visual Studio Version 17
VisualStudioVersion = 17.1.32328.378
MinimumVisualStudioVersion = 10.0.40219.1
Project("{9A19103F-16F7-4668-BE54-9A1E7A4F7556}") = "Abstracts", "Abstracts.csproj", "{51DEFF45-755A-415D-98DF-B1C50FE396C7}"
EndProject
Project("{9A19103F-16F7-4668-BE54-9A1E7A4F7556}") = "InterfaceProjesi", "..\InterfaceProject\InterfaceProjesi.csproj", "{D5EE0708-9FD9-4AEA-B3BA-54CCE13763F8}"
EndProject
Project("{FAE04EC0-301F-11D3-BF4B-00C04F79EFBC}") = "EnumKonusu", "..\Enum\EnumKonusu.csproj", "{0F2C56C8-DEAD-4A37-B260-4714AB999FF7}"
EndProject
Global
	GlobalSection(SolutionConfigurationPlatforms) = preSolution
		Debug|Any CPU = Debug|Any CPU
		Release|Any CPU = Release|Any CPU
	EndGlobalSection
	GlobalSection(ProjectConfigurationPlatforms) = postSolution
		{51DEFF45-755A-415D-98DF-B1C50FE396C7}.Debug|Any CPU.ActiveCfg = Debug|Any CPU
		{51DEFF45-755A-415D-98DF-B1C50FE396C7}.Debug|Any CPU.Build.0 = Debug|Any CPU
		{51DEFF45-755A-415D-98DF-B1C50FE396C7}.Release|Any CPU.ActiveCfg = Release|Any CPU
		{51DEFF45-755A-415D-98DF-B1C50FE396C7}.Release|Any CPU.Build.0 = Release|Any CPU
		{D5EE0708-9FD9-4AEA-B3BA-54CCE13763F8}.Debug|Any CPU.ActiveCfg = Debug|Any CPU
		{D5EE0708-9FD9-4AEA-B3BA-54CCE13763F8}.Debug|Any CPU.Build.0 = Debug|Any CPU
		{D5EE0708-9FD9-4AEA-B3BA-54CCE13763F8}.Release|Any CPU.ActiveCfg = Release|Any CPU
		{D5EE0708-9FD9-4AEA-B3BA-54CCE13763F8}.Release|Any CPU.Build.0 = Release|Any CPU
		{0F2C56C8-DEAD-4A37-B260-4714AB999FF7}.Debug|Any CPU.ActiveCfg = Debug|Any CPU
		{0F2C56C8-DEAD-4A37-B260-4714AB999FF7}.Debug|Any CPU.Build.0 = Debug|Any CPU
		{0F2C56C8-DEAD-4A37-B260-4714AB999FF7}.Release|Any CPU.ActiveCfg = Release|Any CPU
		{0F2C56C8-DEAD-4A37-B260-4714AB999FF7}.Release|Any CPU.Build.0 = Release|Any CPU
	EndGlobalSection
	GlobalSection(SolutionProperties) = preSolution
		HideSolutionNode = FALSE
	EndGlobalSection
	GlobalSection(ExtensibilityGlobals) = postSolution
		SolutionGuid = {CEF8F36D-9918-41D6-A06B-F2EA9C488E61}
	EndGlobalSection
EndGlobal
